<?xml version="1.0" encoding="utf-8"?>
<Project ToolsVersion="4.0" xmlns="http://schemas.microsoft.com/developer/msbuild/2003">
  <ItemGroup>
    <Filter Include="Source Files">
      <UniqueIdentifier>{4FC737F1-C7A5-4376-A066-2A32D752A2FF}</UniqueIdentifier>
      <Extensions>cpp;c;cc;cxx;def;odl;idl;hpj;bat;asm;asmx</Extensions>
    </Filter>
    <Filter Include="Header Files">
      <UniqueIdentifier>{93995380-89BD-4b04-88EB-625FBE52EBFB}</UniqueIdentifier>
      <Extensions>h;hh;hpp;hxx;hm;inl;inc;xsd</Extensions>
    </Filter>
    <Filter Include="Resource Files">
      <UniqueIdentifier>{D9D6E242-F8AF-46E4-B9FD-80ECBC20BA3E}</UniqueIdentifier>
      <Extensions>qrc;*</Extensions>
      <ParseFiles>false</ParseFiles>
    </Filter>
    <Filter Include="Form Files">
      <UniqueIdentifier>{99349809-55BA-4b9d-BF79-8FDBB0286EB3}</UniqueIdentifier>
      <Extensions>ui</Extensions>
    </Filter>
    <Filter Include="Resource Files">
      <UniqueIdentifier>{D9D6E242-F8AF-46E4-B9FD-80ECBC20BA3E}</UniqueIdentifier>
      <Extensions>qrc;*</Extensions>
      <ParseFiles>false</ParseFiles>
    </Filter>
    <Filter Include="Generated Files">
      <UniqueIdentifier>{71ED8ED8-ACB9-4CE9-BBE1-E00B30144E11}</UniqueIdentifier>
      <Extensions>moc;h;cpp</Extensions>
      <SourceControlFiles>False</SourceControlFiles>
    </Filter>
  </ItemGroup>
  <ItemGroup>
    <ClCompile Include="sources\main.cpp">
      <Filter>Source Files</Filter>
    </ClCompile>
    <ClCompile Include="sources\mlogmag.cpp">
      <Filter>Source Files</Filter>
    </ClCompile>
    <ClCompile Include="sources\mappliction.cpp">
      <Filter>Source Files</Filter>
    </ClCompile>
    <ClCompile Include="sources\databasemanager.cpp">
      <Filter>Source Files</Filter>
    </ClCompile>
    <ClCompile Include="sources\configmanager.cpp">
      <Filter>Source Files</Filter>
    </ClCompile>
    <ClCompile Include="sources\databaseconnectparameter.cpp">
      <Filter>Source Files</Filter>
    </ClCompile>
    <ClCompile Include="sources\mainwindow.cpp">
      <Filter>Source Files</Filter>
    </ClCompile>
    <ClCompile Include="sources\ExcelManager.cpp">
      <Filter>Source Files</Filter>
    </ClCompile>
    <ClCompile Include="sources\ParameterManager.cpp">
      <Filter>Source Files</Filter>
    </ClCompile>
    <ClCompile Include="sources\usermanager.cpp">
      <Filter>Source Files</Filter>
    </ClCompile>
    <ClCompile Include="sources\mydata.cpp">
      <Filter>Source Files</Filter>
    </ClCompile>
    <ClCompile Include="qttest.cpp">
      <Filter>Source Files</Filter>
    </ClCompile>
  </ItemGroup>
  <ItemGroup>
    <QtMoc Include="include\mlogmag.h">
      <Filter>Header Files</Filter>
    </QtMoc>
    <QtMoc Include="include\mappliction.h">
      <Filter>Header Files</Filter>
    </QtMoc>
    <QtMoc Include="include\databasemanager.h">
      <Filter>Header Files</Filter>
    </QtMoc>
    <QtMoc Include="include\configmanager.h">
      <Filter>Header Files</Filter>
    </QtMoc>
    <QtMoc Include="include\databaseconnectparameter.h">
      <Filter>Header Files</Filter>
    </QtMoc>
    <QtMoc Include="include\mainwindow.h">
      <Filter>Header Files</Filter>
    </QtMoc>
    <QtMoc Include="include\ExcelManager.h">
      <Filter>Header Files</Filter>
    </QtMoc>
    <QtMoc Include="include\ParameterManager.h">
      <Filter>Header Files</Filter>
    </QtMoc>
    <QtMoc Include="include\usermanager.h">
      <Filter>Header Files</Filter>
    </QtMoc>
    <QtMoc Include="include\mydata.h">
      <Filter>Header Files</Filter>
    </QtMoc>
    <QtMoc Include="qttest.h">
      <Filter>Header Files</Filter>
    </QtMoc>
  </ItemGroup>
  <ItemGroup>
    <None Include="Resources\FeatureButton.qml" />
    <None Include="Resources\Login.qml" />
    <None Include="Resources\TorqueCollection.qml" />
    <None Include="Resources\GlowStatusLed.qml" />
    <None Include="Resources\CustomButton.qml" />
    <None Include="Resources\demo.qml" />
    <None Include="Resources\CustomLabel.qml" />
    <None Include="Resources\PageBackground.qml" />
    <None Include="Resources\SideBar.qml" />
    <None Include="Resources\Light.qml" />
    <None Include="Resources\Heating.qml" />
    <None Include="Resources\Security.qml" />
    <None Include="Resources\test.qml" />
    <None Include="Resources\ArcItem.qml" />
    <None Include="Resources\PieItem.qml" />
    <None Include="Resources\demo1.qml" />
    <None Include="Resources\CustomMeter.qml" />
    <None Include="Resources\LoginUserMassagePage.qml" />
    <None Include="Resources\LoginUserPage.qml" />
  </ItemGroup>
  <ItemGroup>
    <QtRcc Include="Resources\torquecollection.qrc">
      <Filter>Resource Files</Filter>
    </QtRcc>
    <QtRcc Include="Resources\image.qrc">
      <Filter>Resource Files</Filter>
    </QtRcc>
  </ItemGroup>
  <ItemGroup>
    <Image Include="Resources\image\Services_48px.png">
      <Filter>Resource Files</Filter>
    </Image>
    <Image Include="Resources\image\navigation.png">
      <Filter>Resource Files</Filter>
    </Image>
    <Image Include="Resources\image\Open_48px.png">
      <Filter>Resource Files</Filter>
    </Image>
    <Image Include="Resources\image\Shutdown_48px.png">
      <Filter>Resource Files</Filter>
    </Image>
    <Image Include="Resources\image\Switch Off_48px.png">
      <Filter>Resource Files</Filter>
    </Image>
    <Image Include="Resources\image\Switch On_48px.png">
      <Filter>Resource Files</Filter>
    </Image>
    <Image Include="Resources\image\Light Off_48px.png">
      <Filter>Resource Files</Filter>
    </Image>
    <Image Include="Resources\image\Light On_48px.png">
      <Filter>Resource Files</Filter>
    </Image>
    <Image Include="Resources\image\Maintenance_48px.png">
      <Filter>Resource Files</Filter>
    </Image>
  </ItemGroup>
</Project>